
Microsoft Visual Studio Solution File, Format Version 12.00
# Visual Studio 15
VisualStudioVersion = 15.0.28307.271
MinimumVisualStudioVersion = 10.0.40219.1
Project("{FAE04EC0-301F-11D3-BF4B-00C04F79EFBC}") = "GameData", "GameData.csproj", "{90CC000B-EBD0-46EE-A981-998A3D543BB6}"
EndProject
Global
	GlobalSection(SolutionConfigurationPlatforms) = preSolution
		Debug|Any CPU = Debug|Any CPU
		Release|Any CPU = Release|Any CPU
	EndGlobalSection
	GlobalSection(ProjectConfigurationPlatforms) = postSolution
		{90CC000B-EBD0-46EE-A981-998A3D543BB6}.Debug|Any CPU.ActiveCfg = Debug|Any CPU
		{90CC000B-EBD0-46EE-A981-998A3D543BB6}.Debug|Any CPU.Build.0 = Debug|Any CPU
		{90CC000B-EBD0-46EE-A981-998A3D543BB6}.Release|Any CPU.ActiveCfg = Release|Any CPU
		{90CC000B-EBD0-46EE-A981-998A3D543BB6}.Release|Any CPU.Build.0 = Release|Any CPU
	EndGlobalSection
	GlobalSection(SolutionProperties) = preSolution
		HideSolutionNode = FALSE
	EndGlobalSection
	GlobalSection(ExtensibilityGlobals) = postSolution
		SolutionGuid = {BEBE38E2-7286-4D3B-B00F-644D26B907CD}
	EndGlobalSection
EndGlobal
